// !$*UTF8*$!
{
	archiveVersion = 1;
	classes = {
	};
	objectVersion = 56;
	objects = {

/* Begin PBXBuildFile section */
		63438C7F29BF12FB000873DD /* AppDelegate.swift in Sources */ = {isa = PBXBuildFile; fileRef = 63438C7E29BF12FB000873DD /* AppDelegate.swift */; };
		63438C8129BF12FB000873DD /* SceneDelegate.swift in Sources */ = {isa = PBXBuildFile; fileRef = 63438C8029BF12FB000873DD /* SceneDelegate.swift */; };
		63438C8329BF12FB000873DD /* GameViewController.swift in Sources */ = {isa = PBXBuildFile; fileRef = 63438C8229BF12FB000873DD /* GameViewController.swift */; };
		63438C8629BF12FB000873DD /* Main.storyboard in Resources */ = {isa = PBXBuildFile; fileRef = 63438C8429BF12FB000873DD /* Main.storyboard */; };
		63438C8829BF12FD000873DD /* Assets.xcassets in Resources */ = {isa = PBXBuildFile; fileRef = 63438C8729BF12FD000873DD /* Assets.xcassets */; };
		63438C8B29BF12FD000873DD /* LaunchScreen.storyboard in Resources */ = {isa = PBXBuildFile; fileRef = 63438C8929BF12FD000873DD /* LaunchScreen.storyboard */; };
		63438C9629BF12FD000873DD /* PokerGameAppTests.swift in Sources */ = {isa = PBXBuildFile; fileRef = 63438C9529BF12FD000873DD /* PokerGameAppTests.swift */; };
		63438CA029BF12FD000873DD /* PokerGameAppUITests.swift in Sources */ = {isa = PBXBuildFile; fileRef = 63438C9F29BF12FD000873DD /* PokerGameAppUITests.swift */; };
		63438CA229BF12FD000873DD /* PokerGameAppUITestsLaunchTests.swift in Sources */ = {isa = PBXBuildFile; fileRef = 63438CA129BF12FD000873DD /* PokerGameAppUITestsLaunchTests.swift */; };
		63438CAF29C172F7000873DD /* Card.swift in Sources */ = {isa = PBXBuildFile; fileRef = 63438CAE29C172F7000873DD /* Card.swift */; };
/* End PBXBuildFile section */

/* Begin PBXContainerItemProxy section */
		63438C9229BF12FD000873DD /* PBXContainerItemProxy */ = {
			isa = PBXContainerItemProxy;
			containerPortal = 63438C7329BF12FB000873DD /* Project object */;
			proxyType = 1;
			remoteGlobalIDString = 63438C7A29BF12FB000873DD;
			remoteInfo = PokerGameApp;
		};
		63438C9C29BF12FD000873DD /* PBXContainerItemProxy */ = {
			isa = PBXContainerItemProxy;
			containerPortal = 63438C7329BF12FB000873DD /* Project object */;
			proxyType = 1;
			remoteGlobalIDString = 63438C7A29BF12FB000873DD;
			remoteInfo = PokerGameApp;
		};
/* End PBXContainerItemProxy section */

/* Begin PBXFileReference section */
		63438C7B29BF12FB000873DD /* PokerGameApp.app */ = {isa = PBXFileReference; explicitFileType = wrapper.application; includeInIndex = 0; path = PokerGameApp.app; sourceTree = BUILT_PRODUCTS_DIR; };
		63438C7E29BF12FB000873DD /* AppDelegate.swift */ = {isa = PBXFileReference; lastKnownFileType = sourcecode.swift; path = AppDelegate.swift; sourceTree = "<group>"; };
		63438C8029BF12FB000873DD /* SceneDelegate.swift */ = {isa = PBXFileReference; lastKnownFileType = sourcecode.swift; path = SceneDelegate.swift; sourceTree = "<group>"; };
		63438C8229BF12FB000873DD /* GameViewController.swift */ = {isa = PBXFileReference; lastKnownFileType = sourcecode.swift; path = GameViewController.swift; sourceTree = "<group>"; };
		63438C8529BF12FB000873DD /* Base */ = {isa = PBXFileReference; lastKnownFileType = file.storyboard; name = Base; path = Base.lproj/Main.storyboard; sourceTree = "<group>"; };
		63438C8729BF12FD000873DD /* Assets.xcassets */ = {isa = PBXFileReference; lastKnownFileType = folder.assetcatalog; path = Assets.xcassets; sourceTree = "<group>"; };
		63438C8A29BF12FD000873DD /* Base */ = {isa = PBXFileReference; lastKnownFileType = file.storyboard; name = Base; path = Base.lproj/LaunchScreen.storyboard; sourceTree = "<group>"; };
		63438C8C29BF12FD000873DD /* Info.plist */ = {isa = PBXFileReference; lastKnownFileType = text.plist.xml; path = Info.plist; sourceTree = "<group>"; };
		63438C9129BF12FD000873DD /* PokerGameAppTests.xctest */ = {isa = PBXFileReference; explicitFileType = wrapper.cfbundle; includeInIndex = 0; path = PokerGameAppTests.xctest; sourceTree = BUILT_PRODUCTS_DIR; };
		63438C9529BF12FD000873DD /* PokerGameAppTests.swift */ = {isa = PBXFileReference; lastKnownFileType = sourcecode.swift; path = PokerGameAppTests.swift; sourceTree = "<group>"; };
		63438C9B29BF12FD000873DD /* PokerGameAppUITests.xctest */ = {isa = PBXFileReference; explicitFileType = wrapper.cfbundle; includeInIndex = 0; path = PokerGameAppUITests.xctest; sourceTree = BUILT_PRODUCTS_DIR; };
		63438C9F29BF12FD000873DD /* PokerGameAppUITests.swift */ = {isa = PBXFileReference; lastKnownFileType = sourcecode.swift; path = PokerGameAppUITests.swift; sourceTree = "<group>"; };
		63438CA129BF12FD000873DD /* PokerGameAppUITestsLaunchTests.swift */ = {isa = PBXFileReference; lastKnownFileType = sourcecode.swift; path = PokerGameAppUITestsLaunchTests.swift; sourceTree = "<group>"; };
		63438CAE29C172F7000873DD /* Card.swift */ = {isa = PBXFileReference; lastKnownFileType = sourcecode.swift; path = Card.swift; sourceTree = "<group>"; };
/* End PBXFileReference section */

/* Begin PBXFrameworksBuildPhase section */
		63438C7829BF12FB000873DD /* Frameworks */ = {
			isa = PBXFrameworksBuildPhase;
			buildActionMask = 2147483647;
			files = (
			);
			runOnlyForDeploymentPostprocessing = 0;
		};
		63438C8E29BF12FD000873DD /* Frameworks */ = {
			isa = PBXFrameworksBuildPhase;
			buildActionMask = 2147483647;
			files = (
			);
			runOnlyForDeploymentPostprocessing = 0;
		};
		63438C9829BF12FD000873DD /* Frameworks */ = {
			isa = PBXFrameworksBuildPhase;
			buildActionMask = 2147483647;
			files = (
			);
			runOnlyForDeploymentPostprocessing = 0;
		};
/* End PBXFrameworksBuildPhase section */

/* Begin PBXGroup section */
		63438C7229BF12FB000873DD = {
			isa = PBXGroup;
			children = (
				63438C7D29BF12FB000873DD /* PokerGameApp */,
				63438C9429BF12FD000873DD /* PokerGameAppTests */,
				63438C9E29BF12FD000873DD /* PokerGameAppUITests */,
				63438C7C29BF12FB000873DD /* Products */,
			);
			sourceTree = "<group>";
		};
		63438C7C29BF12FB000873DD /* Products */ = {
			isa = PBXGroup;
			children = (
				63438C7B29BF12FB000873DD /* PokerGameApp.app */,
				63438C9129BF12FD000873DD /* PokerGameAppTests.xctest */,
				63438C9B29BF12FD000873DD /* PokerGameAppUITests.xctest */,
			);
			name = Products;
			sourceTree = "<group>";
		};
		63438C7D29BF12FB000873DD /* PokerGameApp */ = {
			isa = PBXGroup;
			children = (
				63438C7E29BF12FB000873DD /* AppDelegate.swift */,
				63438C8029BF12FB000873DD /* SceneDelegate.swift */,
				63438C8229BF12FB000873DD /* GameViewController.swift */,
				63438CAE29C172F7000873DD /* Card.swift */,
				63438C8429BF12FB000873DD /* Main.storyboard */,
				63438C8729BF12FD000873DD /* Assets.xcassets */,
				63438C8929BF12FD000873DD /* LaunchScreen.storyboard */,
				63438C8C29BF12FD000873DD /* Info.plist */,
			);
			path = PokerGameApp;
			sourceTree = "<group>";
		};
		63438C9429BF12FD000873DD /* PokerGameAppTests */ = {
			isa = PBXGroup;
			children = (
				63438C9529BF12FD000873DD /* PokerGameAppTests.swift */,
			);
			path = PokerGameAppTests;
			sourceTree = "<group>";
		};
		63438C9E29BF12FD000873DD /* PokerGameAppUITests */ = {
			isa = PBXGroup;
			children = (
				63438C9F29BF12FD000873DD /* PokerGameAppUITests.swift */,
				63438CA129BF12FD000873DD /* PokerGameAppUITestsLaunchTests.swift */,
			);
			path = PokerGameAppUITests;
			sourceTree = "<group>";
		};
/* End PBXGroup section */

/* Begin PBXNativeTarget section */
		63438C7A29BF12FB000873DD /* PokerGameApp */ = {
			isa = PBXNativeTarget;
			buildConfigurationList = 63438CA529BF12FD000873DD /* Build configuration list for PBXNativeTarget "PokerGameApp" */;
			buildPhases = (
				63438C7729BF12FB000873DD /* Sources */,
				63438C7829BF12FB000873DD /* Frameworks */,
				63438C7929BF12FB000873DD /* Resources */,
			);
			buildRules = (
			);
			dependencies = (
			);
			name = PokerGameApp;
			productName = PokerGameApp;
			productReference = 63438C7B29BF12FB000873DD /* PokerGameApp.app */;
			productType = "com.apple.product-type.application";
		};
		63438C9029BF12FD000873DD /* PokerGameAppTests */ = {
			isa = PBXNativeTarget;
			buildConfigurationList = 63438CA829BF12FD000873DD /* Build configuration list for PBXNativeTarget "PokerGameAppTests" */;
			buildPhases = (
				63438C8D29BF12FD000873DD /* Sources */,
				63438C8E29BF12FD000873DD /* Frameworks */,
				63438C8F29BF12FD000873DD /* Resources */,
			);
			buildRules = (
			);
			dependencies = (
				63438C9329BF12FD000873DD /* PBXTargetDependency */,
			);
			name = PokerGameAppTests;
			productName = PokerGameAppTests;
			productReference = 63438C9129BF12FD000873DD /* PokerGameAppTests.xctest */;
			productType = "com.apple.product-type.bundle.unit-test";
		};
		63438C9A29BF12FD000873DD /* PokerGameAppUITests */ = {
			isa = PBXNativeTarget;
			buildConfigurationList = 63438CAB29BF12FD000873DD /* Build configuration list for PBXNativeTarget "PokerGameAppUITests" */;
			buildPhases = (
				63438C9729BF12FD000873DD /* Sources */,
				63438C9829BF12FD000873DD /* Frameworks */,
				63438C9929BF12FD000873DD /* Resources */,
			);
			buildRules = (
			);
			dependencies = (
				63438C9D29BF12FD000873DD /* PBXTargetDependency */,
			);
			name = PokerGameAppUITests;
			productName = PokerGameAppUITests;
			productReference = 63438C9B29BF12FD000873DD /* PokerGameAppUITests.xctest */;
			productType = "com.apple.product-type.bundle.ui-testing";
		};
/* End PBXNativeTarget section */

/* Begin PBXProject section */
		63438C7329BF12FB000873DD /* Project object */ = {
			isa = PBXProject;
			attributes = {
				BuildIndependentTargetsInParallel = 1;
				LastSwiftUpdateCheck = 1420;
				LastUpgradeCheck = 1420;
				TargetAttributes = {
					63438C7A29BF12FB000873DD = {
						CreatedOnToolsVersion = 14.2;
					};
					63438C9029BF12FD000873DD = {
						CreatedOnToolsVersion = 14.2;
						TestTargetID = 63438C7A29BF12FB000873DD;
					};
					63438C9A29BF12FD000873DD = {
						CreatedOnToolsVersion = 14.2;
						TestTargetID = 63438C7A29BF12FB000873DD;
					};
				};
			};
			buildConfigurationList = 63438C7629BF12FB000873DD /* Build configuration list for PBXProject "PokerGameApp" */;
			compatibilityVersion = "Xcode 14.0";
			developmentRegion = en;
			hasScannedForEncodings = 0;
			knownRegions = (
				en,
				Base,
			);
			mainGroup = 63438C7229BF12FB000873DD;
			productRefGroup = 63438C7C29BF12FB000873DD /* Products */;
			projectDirPath = "";
			projectRoot = "";
			targets = (
				63438C7A29BF12FB000873DD /* PokerGameApp */,
				63438C9029BF12FD000873DD /* PokerGameAppTests */,
				63438C9A29BF12FD000873DD /* PokerGameAppUITests */,
			);
		};
/* End PBXProject section */

/* Begin PBXResourcesBuildPhase section */
		63438C7929BF12FB000873DD /* Resources */ = {
			isa = PBXResourcesBuildPhase;
			buildActionMask = 2147483647;
			files = (
				63438C8B29BF12FD000873DD /* LaunchScreen.storyboard in Resources */,
				63438C8829BF12FD000873DD /* Assets.xcassets in Resources */,
				63438C8629BF12FB000873DD /* Main.storyboard in Resources */,
			);
			runOnlyForDeploymentPostprocessing = 0;
		};
		63438C8F29BF12FD000873DD /* Resources */ = {
			isa = PBXResourcesBuildPhase;
			buildActionMask = 2147483647;
			files = (
			);
			runOnlyForDeploymentPostprocessing = 0;
		};
		63438C9929BF12FD000873DD /* Resources */ = {
			isa = PBXResourcesBuildPhase;
			buildActionMask = 2147483647;
			files = (
			);
			runOnlyForDeploymentPostprocessing = 0;
		};
/* End PBXResourcesBuildPhase section */

/* Begin PBXSourcesBuildPhase section */
		63438C7729BF12FB000873DD /* Sources */ = {
			isa = PBXSourcesBuildPhase;
			buildActionMask = 2147483647;
			files = (
				63438C8329BF12FB000873DD /* GameViewController.swift in Sources */,
				63438C7F29BF12FB000873DD /* AppDelegate.swift in Sources */,
				63438C8129BF12FB000873DD /* SceneDelegate.swift in Sources */,
				63438CAF29C172F7000873DD /* Card.swift in Sources */,
			);
			runOnlyForDeploymentPostprocessing = 0;
		};
		63438C8D29BF12FD000873DD /* Sources */ = {
			isa = PBXSourcesBuildPhase;
			buildActionMask = 2147483647;
			files = (
				63438C9629BF12FD000873DD /* PokerGameAppTests.swift in Sources */,
			);
			runOnlyForDeploymentPostprocessing = 0;
		};
		63438C9729BF12FD000873DD /* Sources */ = {
			isa = PBXSourcesBuildPhase;
			buildActionMask = 2147483647;
			files = (
				63438CA229BF12FD000873DD /* PokerGameAppUITestsLaunchTests.swift in Sources */,
				63438CA029BF12FD000873DD /* PokerGameAppUITests.swift in Sources */,
			);
			runOnlyForDeploymentPostprocessing = 0;
		};
/* End PBXSourcesBuildPhase section */

/* Begin PBXTargetDependency section */
		63438C9329BF12FD000873DD /* PBXTargetDependency */ = {
			isa = PBXTargetDependency;
			target = 63438C7A29BF12FB000873DD /* PokerGameApp */;
			targetProxy = 63438C9229BF12FD000873DD /* PBXContainerItemProxy */;
		};
		63438C9D29BF12FD000873DD /* PBXTargetDependency */ = {
			isa = PBXTargetDependency;
			target = 63438C7A29BF12FB000873DD /* PokerGameApp */;
			targetProxy = 63438C9C29BF12FD000873DD /* PBXContainerItemProxy */;
		};
/* End PBXTargetDependency section */

/* Begin PBXVariantGroup section */
		63438C8429BF12FB000873DD /* Main.storyboard */ = {
			isa = PBXVariantGroup;
			children = (
				63438C8529BF12FB000873DD /* Base */,
			);
			name = Main.storyboard;
			sourceTree = "<group>";
		};
		63438C8929BF12FD000873DD /* LaunchScreen.storyboard */ = {
			isa = PBXVariantGroup;
			children = (
				63438C8A29BF12FD000873DD /* Base */,
			);
			name = LaunchScreen.storyboard;
			sourceTree = "<group>";
		};
/* End PBXVariantGroup section */

/* Begin XCBuildConfiguration section */
		63438CA329BF12FD000873DD /* Debug */ = {
			isa = XCBuildConfiguration;
			buildSettings = {
				ALWAYS_SEARCH_USER_PATHS = NO;
				CLANG_ANALYZER_NONNULL = YES;
				CLANG_ANALYZER_NUMBER_OBJECT_CONVERSION = YES_AGGRESSIVE;
				CLANG_CXX_LANGUAGE_STANDARD = "gnu++20";
				CLANG_ENABLE_MODULES = YES;
				CLANG_ENABLE_OBJC_ARC = YES;
				CLANG_ENABLE_OBJC_WEAK = YES;
				CLANG_WARN_BLOCK_CAPTURE_AUTORELEASING = YES;
				CLANG_WARN_BOOL_CONVERSION = YES;
				CLANG_WARN_COMMA = YES;
				CLANG_WARN_CONSTANT_CONVERSION = YES;
				CLANG_WARN_DEPRECATED_OBJC_IMPLEMENTATIONS = YES;
				CLANG_WARN_DIRECT_OBJC_ISA_USAGE = YES_ERROR;
				CLANG_WARN_DOCUMENTATION_COMMENTS = YES;
				CLANG_WARN_EMPTY_BODY = YES;
				CLANG_WARN_ENUM_CONVERSION = YES;
				CLANG_WARN_INFINITE_RECURSION = YES;
				CLANG_WARN_INT_CONVERSION = YES;
				CLANG_WARN_NON_LITERAL_NULL_CONVERSION = YES;
				CLANG_WARN_OBJC_IMPLICIT_RETAIN_SELF = YES;
				CLANG_WARN_OBJC_LITERAL_CONVERSION = YES;
				CLANG_WARN_OBJC_ROOT_CLASS = YES_ERROR;
				CLANG_WARN_QUOTED_INCLUDE_IN_FRAMEWORK_HEADER = YES;
				CLANG_WARN_RANGE_LOOP_ANALYSIS = YES;
				CLANG_WARN_STRICT_PROTOTYPES = YES;
				CLANG_WARN_SUSPICIOUS_MOVE = YES;
				CLANG_WARN_UNGUARDED_AVAILABILITY = YES_AGGRESSIVE;
				CLANG_WARN_UNREACHABLE_CODE = YES;
				CLANG_WARN__DUPLICATE_METHOD_MATCH = YES;
				COPY_PHASE_STRIP = NO;
				DEBUG_INFORMATION_FORMAT = dwarf;
				ENABLE_STRICT_OBJC_MSGSEND = YES;
				ENABLE_TESTABILITY = YES;
				GCC_C_LANGUAGE_STANDARD = gnu11;
				GCC_DYNAMIC_NO_PIC = NO;
				GCC_NO_COMMON_BLOCKS = YES;
				GCC_OPTIMIZATION_LEVEL = 0;
				GCC_PREPROCESSOR_DEFINITIONS = (
					"DEBUG=1",
					"$(inherited)",
				);
				GCC_WARN_64_TO_32_BIT_CONVERSION = YES;
				GCC_WARN_ABOUT_RETURN_TYPE = YES_ERROR;
				GCC_WARN_UNDECLARED_SELECTOR = YES;
				GCC_WARN_UNINITIALIZED_AUTOS = YES_AGGRESSIVE;
				GCC_WARN_UNUSED_FUNCTION = YES;
				GCC_WARN_UNUSED_VARIABLE = YES;
				IPHONEOS_DEPLOYMENT_TARGET = 16.2;
				MTL_ENABLE_DEBUG_INFO = INCLUDE_SOURCE;
				MTL_FAST_MATH = YES;
				ONLY_ACTIVE_ARCH = YES;
				SDKROOT = iphoneos;
				SWIFT_ACTIVE_COMPILATION_CONDITIONS = DEBUG;
				SWIFT_OPTIMIZATION_LEVEL = "-Onone";
			};
			name = Debug;
		};
		63438CA429BF12FD000873DD /* Release */ = {
			isa = XCBuildConfiguration;
			buildSettings = {
				ALWAYS_SEARCH_USER_PATHS = NO;
				CLANG_ANALYZER_NONNULL = YES;
				CLANG_ANALYZER_NUMBER_OBJECT_CONVERSION = YES_AGGRESSIVE;
				CLANG_CXX_LANGUAGE_STANDARD = "gnu++20";
				CLANG_ENABLE_MODULES = YES;
				CLANG_ENABLE_OBJC_ARC = YES;
				CLANG_ENABLE_OBJC_WEAK = YES;
				CLANG_WARN_BLOCK_CAPTURE_AUTORELEASING = YES;
				CLANG_WARN_BOOL_CONVERSION = YES;
				CLANG_WARN_COMMA = YES;
				CLANG_WARN_CONSTANT_CONVERSION = YES;
				CLANG_WARN_DEPRECATED_OBJC_IMPLEMENTATIONS = YES;
				CLANG_WARN_DIRECT_OBJC_ISA_USAGE = YES_ERROR;
				CLANG_WARN_DOCUMENTATION_COMMENTS = YES;
				CLANG_WARN_EMPTY_BODY = YES;
				CLANG_WARN_ENUM_CONVERSION = YES;
				CLANG_WARN_INFINITE_RECURSION = YES;
				CLANG_WARN_INT_CONVERSION = YES;
				CLANG_WARN_NON_LITERAL_NULL_CONVERSION = YES;
				CLANG_WARN_OBJC_IMPLICIT_RETAIN_SELF = YES;
				CLANG_WARN_OBJC_LITERAL_CONVERSION = YES;
				CLANG_WARN_OBJC_ROOT_CLASS = YES_ERROR;
				CLANG_WARN_QUOTED_INCLUDE_IN_FRAMEWORK_HEADER = YES;
				CLANG_WARN_RANGE_LOOP_ANALYSIS = YES;
				CLANG_WARN_STRICT_PROTOTYPES = YES;
				CLANG_WARN_SUSPICIOUS_MOVE = YES;
				CLANG_WARN_UNGUARDED_AVAILABILITY = YES_AGGRESSIVE;
				CLANG_WARN_UNREACHABLE_CODE = YES;
				CLANG_WARN__DUPLICATE_METHOD_MATCH = YES;
				COPY_PHASE_STRIP = NO;
				DEBUG_INFORMATION_FORMAT = "dwarf-with-dsym";
				ENABLE_NS_ASSERTIONS = NO;
				ENABLE_STRICT_OBJC_MSGSEND = YES;
				GCC_C_LANGUAGE_STANDARD = gnu11;
				GCC_NO_COMMON_BLOCKS = YES;
				GCC_WARN_64_TO_32_BIT_CONVERSION = YES;
				GCC_WARN_ABOUT_RETURN_TYPE = YES_ERROR;
				GCC_WARN_UNDECLARED_SELECTOR = YES;
				GCC_WARN_UNINITIALIZED_AUTOS = YES_AGGRESSIVE;
				GCC_WARN_UNUSED_FUNCTION = YES;
				GCC_WARN_UNUSED_VARIABLE = YES;
				IPHONEOS_DEPLOYMENT_TARGET = 16.2;
				MTL_ENABLE_DEBUG_INFO = NO;
				MTL_FAST_MATH = YES;
				SDKROOT = iphoneos;
				SWIFT_COMPILATION_MODE = wholemodule;
				SWIFT_OPTIMIZATION_LEVEL = "-O";
				VALIDATE_PRODUCT = YES;
			};
			name = Release;
		};
		63438CA629BF12FD000873DD /* Debug */ = {
			isa = XCBuildConfiguration;
			buildSettings = {
				ASSETCATALOG_COMPILER_APPICON_NAME = AppIcon;
				ASSETCATALOG_COMPILER_GLOBAL_ACCENT_COLOR_NAME = AccentColor;
				CODE_SIGN_STYLE = Automatic;
				CURRENT_PROJECT_VERSION = 1;
				DEVELOPMENT_TEAM = 2F5MZFTY2R;
				GENERATE_INFOPLIST_FILE = YES;
				INFOPLIST_FILE = PokerGameApp/Info.plist;
				INFOPLIST_KEY_UIApplicationSupportsIndirectInputEvents = YES;
				INFOPLIST_KEY_UILaunchStoryboardName = LaunchScreen;
				INFOPLIST_KEY_UIMainStoryboardFile = Main;
				INFOPLIST_KEY_UIStatusBarStyle = UIStatusBarStyleLightContent;
				INFOPLIST_KEY_UISupportedInterfaceOrientations_iPad = "UIInterfaceOrientationPortrait UIInterfaceOrientationPortraitUpsideDown UIInterfaceOrientationLandscapeLeft UIInterfaceOrientationLandscapeRight";
				INFOPLIST_KEY_UISupportedInterfaceOrientations_iPhone = "UIInterfaceOrientationPortrait UIInterfaceOrientationLandscapeLeft UIInterfaceOrientationLandscapeRight";
				LD_RUNPATH_SEARCH_PATHS = (
					"$(inherited)",
					"@executable_path/Frameworks",
				);
				MARKETING_VERSION = 1.0;
				PRODUCT_BUNDLE_IDENTIFIER = Inwoo.PokerGameApp;
				PRODUCT_NAME = "$(TARGET_NAME)";
				SWIFT_EMIT_LOC_STRINGS = YES;
				SWIFT_VERSION = 5.0;
				TARGETED_DEVICE_FAMILY = "1,2";
			};
			name = Debug;
		};
		63438CA729BF12FD000873DD /* Release */ = {
			isa = XCBuildConfiguration;
			buildSettings = {
				ASSETCATALOG_COMPILER_APPICON_NAME = AppIcon;
				ASSETCATALOG_COMPILER_GLOBAL_ACCENT_COLOR_NAME = AccentColor;
				CODE_SIGN_STYLE = Automatic;
				CURRENT_PROJECT_VERSION = 1;
				DEVELOPMENT_TEAM = 2F5MZFTY2R;
				GENERATE_INFOPLIST_FILE = YES;
				INFOPLIST_FILE = PokerGameApp/Info.plist;
				INFOPLIST_KEY_UIApplicationSupportsIndirectInputEvents = YES;
				INFOPLIST_KEY_UILaunchStoryboardName = LaunchScreen;
				INFOPLIST_KEY_UIMainStoryboardFile = Main;
				INFOPLIST_KEY_UIStatusBarStyle = UIStatusBarStyleLightContent;
				INFOPLIST_KEY_UISupportedInterfaceOrientations_iPad = "UIInterfaceOrientationPortrait UIInterfaceOrientationPortraitUpsideDown UIInterfaceOrientationLandscapeLeft UIInterfaceOrientationLandscapeRight";
				INFOPLIST_KEY_UISupportedInterfaceOrientations_iPhone = "UIInterfaceOrientationPortrait UIInterfaceOrientationLandscapeLeft UIInterfaceOrientationLandscapeRight";
				LD_RUNPATH_SEARCH_PATHS = (
					"$(inherited)",
					"@executable_path/Frameworks",
				);
				MARKETING_VERSION = 1.0;
				PRODUCT_BUNDLE_IDENTIFIER = Inwoo.PokerGameApp;
				PRODUCT_NAME = "$(TARGET_NAME)";
				SWIFT_EMIT_LOC_STRINGS = YES;
				SWIFT_VERSION = 5.0;
				TARGETED_DEVICE_FAMILY = "1,2";
			};
			name = Release;
		};
		63438CA929BF12FD000873DD /* Debug */ = {
			isa = XCBuildConfiguration;
			buildSettings = {
				ALWAYS_EMBED_SWIFT_STANDARD_LIBRARIES = YES;
				BUNDLE_LOADER = "$(TEST_HOST)";
				CODE_SIGN_STYLE = Automatic;
				CURRENT_PROJECT_VERSION = 1;
				DEVELOPMENT_TEAM = 2F5MZFTY2R;
				GENERATE_INFOPLIST_FILE = YES;
				IPHONEOS_DEPLOYMENT_TARGET = 16.2;
				MARKETING_VERSION = 1.0;
				PRODUCT_BUNDLE_IDENTIFIER = Inwoo.PokerGameAppTests;
				PRODUCT_NAME = "$(TARGET_NAME)";
				SWIFT_EMIT_LOC_STRINGS = NO;
				SWIFT_VERSION = 5.0;
				TARGETED_DEVICE_FAMILY = "1,2";
				TEST_HOST = "$(BUILT_PRODUCTS_DIR)/PokerGameApp.app/$(BUNDLE_EXECUTABLE_FOLDER_PATH)/PokerGameApp";
			};
			name = Debug;
		};
		63438CAA29BF12FD000873DD /* Release */ = {
			isa = XCBuildConfiguration;
			buildSettings = {
				ALWAYS_EMBED_SWIFT_STANDARD_LIBRARIES = YES;
				BUNDLE_LOADER = "$(TEST_HOST)";
				CODE_SIGN_STYLE = Automatic;
				CURRENT_PROJECT_VERSION = 1;
				DEVELOPMENT_TEAM = 2F5MZFTY2R;
				GENERATE_INFOPLIST_FILE = YES;
				IPHONEOS_DEPLOYMENT_TARGET = 16.2;
				MARKETING_VERSION = 1.0;
				PRODUCT_BUNDLE_IDENTIFIER = Inwoo.PokerGameAppTests;
				PRODUCT_NAME = "$(TARGET_NAME)";
				SWIFT_EMIT_LOC_STRINGS = NO;
				SWIFT_VERSION = 5.0;
				TARGETED_DEVICE_FAMILY = "1,2";
				TEST_HOST = "$(BUILT_PRODUCTS_DIR)/PokerGameApp.app/$(BUNDLE_EXECUTABLE_FOLDER_PATH)/PokerGameApp";
			};
			name = Release;
		};
		63438CAC29BF12FD000873DD /* Debug */ = {
			isa = XCBuildConfiguration;
			buildSettings = {
				ALWAYS_EMBED_SWIFT_STANDARD_LIBRARIES = YES;
				CODE_SIGN_STYLE = Automatic;
				CURRENT_PROJECT_VERSION = 1;
				DEVELOPMENT_TEAM = 2F5MZFTY2R;
				GENERATE_INFOPLIST_FILE = YES;
				MARKETING_VERSION = 1.0;
				PRODUCT_BUNDLE_IDENTIFIER = Inwoo.PokerGameAppUITests;
				PRODUCT_NAME = "$(TARGET_NAME)";
				SWIFT_EMIT_LOC_STRINGS = NO;
				SWIFT_VERSION = 5.0;
				TARGETED_DEVICE_FAMILY = "1,2";
				TEST_TARGET_NAME = PokerGameApp;
			};
			name = Debug;
		};
		63438CAD29BF12FD000873DD /* Release */ = {
			isa = XCBuildConfiguration;
			buildSettings = {
				ALWAYS_EMBED_SWIFT_STANDARD_LIBRARIES = YES;
				CODE_SIGN_STYLE = Automatic;
				CURRENT_PROJECT_VERSION = 1;
				DEVELOPMENT_TEAM = 2F5MZFTY2R;
				GENERATE_INFOPLIST_FILE = YES;
				MARKETING_VERSION = 1.0;
				PRODUCT_BUNDLE_IDENTIFIER = Inwoo.PokerGameAppUITests;
				PRODUCT_NAME = "$(TARGET_NAME)";
				SWIFT_EMIT_LOC_STRINGS = NO;
				SWIFT_VERSION = 5.0;
				TARGETED_DEVICE_FAMILY = "1,2";
				TEST_TARGET_NAME = PokerGameApp;
			};
			name = Release;
		};
/* End XCBuildConfiguration section */

/* Begin XCConfigurationList section */
		63438C7629BF12FB000873DD /* Build configuration list for PBXProject "PokerGameApp" */ = {
			isa = XCConfigurationList;
			buildConfigurations = (
				63438CA329BF12FD000873DD /* Debug */,
				63438CA429BF12FD000873DD /* Release */,
			);
			defaultConfigurationIsVisible = 0;
			defaultConfigurationName = Release;
		};
		63438CA529BF12FD000873DD /* Build configuration list for PBXNativeTarget "PokerGameApp" */ = {
			isa = XCConfigurationList;
			buildConfigurations = (
				63438CA629BF12FD000873DD /* Debug */,
				63438CA729BF12FD000873DD /* Release */,
			);
			defaultConfigurationIsVisible = 0;
			defaultConfigurationName = Release;
		};
		63438CA829BF12FD000873DD /* Build configuration list for PBXNativeTarget "PokerGameAppTests" */ = {
			isa = XCConfigurationList;
			buildConfigurations = (
				63438CA929BF12FD000873DD /* Debug */,
				63438CAA29BF12FD000873DD /* Release */,
			);
			defaultConfigurationIsVisible = 0;
			defaultConfigurationName = Release;
		};
		63438CAB29BF12FD000873DD /* Build configuration list for PBXNativeTarget "PokerGameAppUITests" */ = {
			isa = XCConfigurationList;
			buildConfigurations = (
				63438CAC29BF12FD000873DD /* Debug */,
				63438CAD29BF12FD000873DD /* Release */,
			);
			defaultConfigurationIsVisible = 0;
			defaultConfigurationName = Release;
		};
/* End XCConfigurationList section */
	};
	rootObject = 63438C7329BF12FB000873DD /* Project object */;
}
