// !$*UTF8*$!
{
	archiveVersion = 1;
	classes = {
	};
	objectVersion = 56;
	objects = {

/* Begin PBXBuildFile section */
		DB2B5ADB29C196480011C48B /* CardDeck.swift in Sources */ = {isa = PBXBuildFile; fileRef = DB2B5ADA29C196480011C48B /* CardDeck.swift */; };
		DB5A993A29C0154F0076E8A5 /* Card.swift in Sources */ = {isa = PBXBuildFile; fileRef = DB5A993929C0154F0076E8A5 /* Card.swift */; };
		DBA2D25729BF194F00A90908 /* AppDelegate.swift in Sources */ = {isa = PBXBuildFile; fileRef = DBA2D25629BF194F00A90908 /* AppDelegate.swift */; };
		DBA2D25929BF194F00A90908 /* SceneDelegate.swift in Sources */ = {isa = PBXBuildFile; fileRef = DBA2D25829BF194F00A90908 /* SceneDelegate.swift */; };
		DBA2D25B29BF194F00A90908 /* ViewController.swift in Sources */ = {isa = PBXBuildFile; fileRef = DBA2D25A29BF194F00A90908 /* ViewController.swift */; };
		DBA2D25E29BF194F00A90908 /* Main.storyboard in Resources */ = {isa = PBXBuildFile; fileRef = DBA2D25C29BF194F00A90908 /* Main.storyboard */; };
		DBA2D26029BF195000A90908 /* Assets.xcassets in Resources */ = {isa = PBXBuildFile; fileRef = DBA2D25F29BF195000A90908 /* Assets.xcassets */; };
		DBA2D26329BF195000A90908 /* LaunchScreen.storyboard in Resources */ = {isa = PBXBuildFile; fileRef = DBA2D26129BF195000A90908 /* LaunchScreen.storyboard */; };
		DBEEF13529C2A9FE007B54D8 /* Participant.swift in Sources */ = {isa = PBXBuildFile; fileRef = DBEEF13429C2A9FE007B54D8 /* Participant.swift */; };
/* End PBXBuildFile section */

/* Begin PBXContainerItemProxy section */
		DBEEF12F29C2A503007B54D8 /* PBXContainerItemProxy */ = {
			isa = PBXContainerItemProxy;
			containerPortal = DBA2D24B29BF194F00A90908 /* Project object */;
			proxyType = 1;
			remoteGlobalIDString = DBA2D25229BF194F00A90908;
			remoteInfo = PokerGame;
		};
/* End PBXContainerItemProxy section */

/* Begin PBXFileReference section */
		DB2B5ADA29C196480011C48B /* CardDeck.swift */ = {isa = PBXFileReference; lastKnownFileType = sourcecode.swift; path = CardDeck.swift; sourceTree = "<group>"; };
		DB5A993929C0154F0076E8A5 /* Card.swift */ = {isa = PBXFileReference; lastKnownFileType = sourcecode.swift; path = Card.swift; sourceTree = "<group>"; };
		DBA2D25329BF194F00A90908 /* PokerGame.app */ = {isa = PBXFileReference; explicitFileType = wrapper.application; includeInIndex = 0; path = PokerGame.app; sourceTree = BUILT_PRODUCTS_DIR; };
		DBA2D25629BF194F00A90908 /* AppDelegate.swift */ = {isa = PBXFileReference; lastKnownFileType = sourcecode.swift; path = AppDelegate.swift; sourceTree = "<group>"; };
		DBA2D25829BF194F00A90908 /* SceneDelegate.swift */ = {isa = PBXFileReference; lastKnownFileType = sourcecode.swift; path = SceneDelegate.swift; sourceTree = "<group>"; };
		DBA2D25A29BF194F00A90908 /* ViewController.swift */ = {isa = PBXFileReference; lastKnownFileType = sourcecode.swift; path = ViewController.swift; sourceTree = "<group>"; };
		DBA2D25D29BF194F00A90908 /* Base */ = {isa = PBXFileReference; lastKnownFileType = file.storyboard; name = Base; path = Base.lproj/Main.storyboard; sourceTree = "<group>"; };
		DBA2D25F29BF195000A90908 /* Assets.xcassets */ = {isa = PBXFileReference; lastKnownFileType = folder.assetcatalog; path = Assets.xcassets; sourceTree = "<group>"; };
		DBA2D26229BF195000A90908 /* Base */ = {isa = PBXFileReference; lastKnownFileType = file.storyboard; name = Base; path = Base.lproj/LaunchScreen.storyboard; sourceTree = "<group>"; };
		DBA2D26429BF195000A90908 /* Info.plist */ = {isa = PBXFileReference; lastKnownFileType = text.plist.xml; path = Info.plist; sourceTree = "<group>"; };
		DBEEF12B29C2A503007B54D8 /* PokerGameTests.xctest */ = {isa = PBXFileReference; explicitFileType = wrapper.cfbundle; includeInIndex = 0; path = PokerGameTests.xctest; sourceTree = BUILT_PRODUCTS_DIR; };
		DBEEF13429C2A9FE007B54D8 /* Participant.swift */ = {isa = PBXFileReference; lastKnownFileType = sourcecode.swift; path = Participant.swift; sourceTree = "<group>"; };
/* End PBXFileReference section */

/* Begin PBXFrameworksBuildPhase section */
		DBA2D25029BF194F00A90908 /* Frameworks */ = {
			isa = PBXFrameworksBuildPhase;
			buildActionMask = 2147483647;
			files = (
			);
			runOnlyForDeploymentPostprocessing = 0;
		};
		DBEEF12829C2A503007B54D8 /* Frameworks */ = {
			isa = PBXFrameworksBuildPhase;
			buildActionMask = 2147483647;
			files = (
			);
			runOnlyForDeploymentPostprocessing = 0;
		};
/* End PBXFrameworksBuildPhase section */

/* Begin PBXGroup section */
		DBA2D24A29BF194F00A90908 = {
			isa = PBXGroup;
			children = (
				DBA2D25529BF194F00A90908 /* PokerGame */,
				DBA2D25429BF194F00A90908 /* Products */,
			);
			sourceTree = "<group>";
		};
		DBA2D25429BF194F00A90908 /* Products */ = {
			isa = PBXGroup;
			children = (
				DBA2D25329BF194F00A90908 /* PokerGame.app */,
				DBEEF12B29C2A503007B54D8 /* PokerGameTests.xctest */,
			);
			name = Products;
			sourceTree = "<group>";
		};
		DBA2D25529BF194F00A90908 /* PokerGame */ = {
			isa = PBXGroup;
			children = (
				DBEEF13429C2A9FE007B54D8 /* Participant.swift */,
				DB5A993929C0154F0076E8A5 /* Card.swift */,
				DB2B5ADA29C196480011C48B /* CardDeck.swift */,
				DBA2D25629BF194F00A90908 /* AppDelegate.swift */,
				DBA2D25829BF194F00A90908 /* SceneDelegate.swift */,
				DBA2D25A29BF194F00A90908 /* ViewController.swift */,
				DBA2D25C29BF194F00A90908 /* Main.storyboard */,
				DBA2D25F29BF195000A90908 /* Assets.xcassets */,
				DBA2D26129BF195000A90908 /* LaunchScreen.storyboard */,
				DBA2D26429BF195000A90908 /* Info.plist */,
			);
			path = PokerGame;
			sourceTree = "<group>";
		};
/* End PBXGroup section */

/* Begin PBXNativeTarget section */
		DBA2D25229BF194F00A90908 /* PokerGame */ = {
			isa = PBXNativeTarget;
			buildConfigurationList = DBA2D26729BF195000A90908 /* Build configuration list for PBXNativeTarget "PokerGame" */;
			buildPhases = (
				DBA2D24F29BF194F00A90908 /* Sources */,
				DBA2D25029BF194F00A90908 /* Frameworks */,
				DBA2D25129BF194F00A90908 /* Resources */,
			);
			buildRules = (
			);
			dependencies = (
			);
			name = PokerGame;
			productName = PokerGame;
			productReference = DBA2D25329BF194F00A90908 /* PokerGame.app */;
			productType = "com.apple.product-type.application";
		};
		DBEEF12A29C2A503007B54D8 /* PokerGameTests */ = {
			isa = PBXNativeTarget;
			buildConfigurationList = DBEEF13329C2A503007B54D8 /* Build configuration list for PBXNativeTarget "PokerGameTests" */;
			buildPhases = (
				DBEEF12729C2A503007B54D8 /* Sources */,
				DBEEF12829C2A503007B54D8 /* Frameworks */,
				DBEEF12929C2A503007B54D8 /* Resources */,
			);
			buildRules = (
			);
			dependencies = (
				DBEEF13029C2A503007B54D8 /* PBXTargetDependency */,
			);
			name = PokerGameTests;
			productName = PokerGameTests;
			productReference = DBEEF12B29C2A503007B54D8 /* PokerGameTests.xctest */;
			productType = "com.apple.product-type.bundle.unit-test";
		};
/* End PBXNativeTarget section */

/* Begin PBXProject section */
		DBA2D24B29BF194F00A90908 /* Project object */ = {
			isa = PBXProject;
			attributes = {
				BuildIndependentTargetsInParallel = 1;
				LastSwiftUpdateCheck = 1420;
				LastUpgradeCheck = 1420;
				TargetAttributes = {
					DBA2D25229BF194F00A90908 = {
						CreatedOnToolsVersion = 14.2;
					};
					DBEEF12A29C2A503007B54D8 = {
						CreatedOnToolsVersion = 14.2;
						TestTargetID = DBA2D25229BF194F00A90908;
					};
				};
			};
			buildConfigurationList = DBA2D24E29BF194F00A90908 /* Build configuration list for PBXProject "PokerGame" */;
			compatibilityVersion = "Xcode 14.0";
			developmentRegion = en;
			hasScannedForEncodings = 0;
			knownRegions = (
				en,
				Base,
			);
			mainGroup = DBA2D24A29BF194F00A90908;
			productRefGroup = DBA2D25429BF194F00A90908 /* Products */;
			projectDirPath = "";
			projectRoot = "";
			targets = (
				DBA2D25229BF194F00A90908 /* PokerGame */,
				DBEEF12A29C2A503007B54D8 /* PokerGameTests */,
			);
		};
/* End PBXProject section */

/* Begin PBXResourcesBuildPhase section */
		DBA2D25129BF194F00A90908 /* Resources */ = {
			isa = PBXResourcesBuildPhase;
			buildActionMask = 2147483647;
			files = (
				DBA2D26329BF195000A90908 /* LaunchScreen.storyboard in Resources */,
				DBA2D26029BF195000A90908 /* Assets.xcassets in Resources */,
				DBA2D25E29BF194F00A90908 /* Main.storyboard in Resources */,
			);
			runOnlyForDeploymentPostprocessing = 0;
		};
		DBEEF12929C2A503007B54D8 /* Resources */ = {
			isa = PBXResourcesBuildPhase;
			buildActionMask = 2147483647;
			files = (
			);
			runOnlyForDeploymentPostprocessing = 0;
		};
/* End PBXResourcesBuildPhase section */

/* Begin PBXSourcesBuildPhase section */
		DBA2D24F29BF194F00A90908 /* Sources */ = {
			isa = PBXSourcesBuildPhase;
			buildActionMask = 2147483647;
			files = (
				DBA2D25B29BF194F00A90908 /* ViewController.swift in Sources */,
				DB2B5ADB29C196480011C48B /* CardDeck.swift in Sources */,
				DB5A993A29C0154F0076E8A5 /* Card.swift in Sources */,
				DBA2D25729BF194F00A90908 /* AppDelegate.swift in Sources */,
				DBA2D25929BF194F00A90908 /* SceneDelegate.swift in Sources */,
				DBEEF13529C2A9FE007B54D8 /* Participant.swift in Sources */,
			);
			runOnlyForDeploymentPostprocessing = 0;
		};
		DBEEF12729C2A503007B54D8 /* Sources */ = {
			isa = PBXSourcesBuildPhase;
			buildActionMask = 2147483647;
			files = (
			);
			runOnlyForDeploymentPostprocessing = 0;
		};
/* End PBXSourcesBuildPhase section */

/* Begin PBXTargetDependency section */
		DBEEF13029C2A503007B54D8 /* PBXTargetDependency */ = {
			isa = PBXTargetDependency;
			target = DBA2D25229BF194F00A90908 /* PokerGame */;
			targetProxy = DBEEF12F29C2A503007B54D8 /* PBXContainerItemProxy */;
		};
/* End PBXTargetDependency section */

/* Begin PBXVariantGroup section */
		DBA2D25C29BF194F00A90908 /* Main.storyboard */ = {
			isa = PBXVariantGroup;
			children = (
				DBA2D25D29BF194F00A90908 /* Base */,
			);
			name = Main.storyboard;
			sourceTree = "<group>";
		};
		DBA2D26129BF195000A90908 /* LaunchScreen.storyboard */ = {
			isa = PBXVariantGroup;
			children = (
				DBA2D26229BF195000A90908 /* Base */,
			);
			name = LaunchScreen.storyboard;
			sourceTree = "<group>";
		};
/* End PBXVariantGroup section */

/* Begin XCBuildConfiguration section */
		DBA2D26529BF195000A90908 /* Debug */ = {
			isa = XCBuildConfiguration;
			buildSettings = {
				ALWAYS_SEARCH_USER_PATHS = NO;
				CLANG_ANALYZER_NONNULL = YES;
				CLANG_ANALYZER_NUMBER_OBJECT_CONVERSION = YES_AGGRESSIVE;
				CLANG_CXX_LANGUAGE_STANDARD = "gnu++20";
				CLANG_ENABLE_MODULES = YES;
				CLANG_ENABLE_OBJC_ARC = YES;
				CLANG_ENABLE_OBJC_WEAK = YES;
				CLANG_WARN_BLOCK_CAPTURE_AUTORELEASING = YES;
				CLANG_WARN_BOOL_CONVERSION = YES;
				CLANG_WARN_COMMA = YES;
				CLANG_WARN_CONSTANT_CONVERSION = YES;
				CLANG_WARN_DEPRECATED_OBJC_IMPLEMENTATIONS = YES;
				CLANG_WARN_DIRECT_OBJC_ISA_USAGE = YES_ERROR;
				CLANG_WARN_DOCUMENTATION_COMMENTS = YES;
				CLANG_WARN_EMPTY_BODY = YES;
				CLANG_WARN_ENUM_CONVERSION = YES;
				CLANG_WARN_INFINITE_RECURSION = YES;
				CLANG_WARN_INT_CONVERSION = YES;
				CLANG_WARN_NON_LITERAL_NULL_CONVERSION = YES;
				CLANG_WARN_OBJC_IMPLICIT_RETAIN_SELF = YES;
				CLANG_WARN_OBJC_LITERAL_CONVERSION = YES;
				CLANG_WARN_OBJC_ROOT_CLASS = YES_ERROR;
				CLANG_WARN_QUOTED_INCLUDE_IN_FRAMEWORK_HEADER = YES;
				CLANG_WARN_RANGE_LOOP_ANALYSIS = YES;
				CLANG_WARN_STRICT_PROTOTYPES = YES;
				CLANG_WARN_SUSPICIOUS_MOVE = YES;
				CLANG_WARN_UNGUARDED_AVAILABILITY = YES_AGGRESSIVE;
				CLANG_WARN_UNREACHABLE_CODE = YES;
				CLANG_WARN__DUPLICATE_METHOD_MATCH = YES;
				COPY_PHASE_STRIP = NO;
				DEBUG_INFORMATION_FORMAT = dwarf;
				ENABLE_STRICT_OBJC_MSGSEND = YES;
				ENABLE_TESTABILITY = YES;
				GCC_C_LANGUAGE_STANDARD = gnu11;
				GCC_DYNAMIC_NO_PIC = NO;
				GCC_NO_COMMON_BLOCKS = YES;
				GCC_OPTIMIZATION_LEVEL = 0;
				GCC_PREPROCESSOR_DEFINITIONS = (
					"DEBUG=1",
					"$(inherited)",
				);
				GCC_WARN_64_TO_32_BIT_CONVERSION = YES;
				GCC_WARN_ABOUT_RETURN_TYPE = YES_ERROR;
				GCC_WARN_UNDECLARED_SELECTOR = YES;
				GCC_WARN_UNINITIALIZED_AUTOS = YES_AGGRESSIVE;
				GCC_WARN_UNUSED_FUNCTION = YES;
				GCC_WARN_UNUSED_VARIABLE = YES;
				IPHONEOS_DEPLOYMENT_TARGET = 16.2;
				MTL_ENABLE_DEBUG_INFO = INCLUDE_SOURCE;
				MTL_FAST_MATH = YES;
				ONLY_ACTIVE_ARCH = YES;
				SDKROOT = iphoneos;
				SWIFT_ACTIVE_COMPILATION_CONDITIONS = DEBUG;
				SWIFT_OPTIMIZATION_LEVEL = "-Onone";
			};
			name = Debug;
		};
		DBA2D26629BF195000A90908 /* Release */ = {
			isa = XCBuildConfiguration;
			buildSettings = {
				ALWAYS_SEARCH_USER_PATHS = NO;
				CLANG_ANALYZER_NONNULL = YES;
				CLANG_ANALYZER_NUMBER_OBJECT_CONVERSION = YES_AGGRESSIVE;
				CLANG_CXX_LANGUAGE_STANDARD = "gnu++20";
				CLANG_ENABLE_MODULES = YES;
				CLANG_ENABLE_OBJC_ARC = YES;
				CLANG_ENABLE_OBJC_WEAK = YES;
				CLANG_WARN_BLOCK_CAPTURE_AUTORELEASING = YES;
				CLANG_WARN_BOOL_CONVERSION = YES;
				CLANG_WARN_COMMA = YES;
				CLANG_WARN_CONSTANT_CONVERSION = YES;
				CLANG_WARN_DEPRECATED_OBJC_IMPLEMENTATIONS = YES;
				CLANG_WARN_DIRECT_OBJC_ISA_USAGE = YES_ERROR;
				CLANG_WARN_DOCUMENTATION_COMMENTS = YES;
				CLANG_WARN_EMPTY_BODY = YES;
				CLANG_WARN_ENUM_CONVERSION = YES;
				CLANG_WARN_INFINITE_RECURSION = YES;
				CLANG_WARN_INT_CONVERSION = YES;
				CLANG_WARN_NON_LITERAL_NULL_CONVERSION = YES;
				CLANG_WARN_OBJC_IMPLICIT_RETAIN_SELF = YES;
				CLANG_WARN_OBJC_LITERAL_CONVERSION = YES;
				CLANG_WARN_OBJC_ROOT_CLASS = YES_ERROR;
				CLANG_WARN_QUOTED_INCLUDE_IN_FRAMEWORK_HEADER = YES;
				CLANG_WARN_RANGE_LOOP_ANALYSIS = YES;
				CLANG_WARN_STRICT_PROTOTYPES = YES;
				CLANG_WARN_SUSPICIOUS_MOVE = YES;
				CLANG_WARN_UNGUARDED_AVAILABILITY = YES_AGGRESSIVE;
				CLANG_WARN_UNREACHABLE_CODE = YES;
				CLANG_WARN__DUPLICATE_METHOD_MATCH = YES;
				COPY_PHASE_STRIP = NO;
				DEBUG_INFORMATION_FORMAT = "dwarf-with-dsym";
				ENABLE_NS_ASSERTIONS = NO;
				ENABLE_STRICT_OBJC_MSGSEND = YES;
				GCC_C_LANGUAGE_STANDARD = gnu11;
				GCC_NO_COMMON_BLOCKS = YES;
				GCC_WARN_64_TO_32_BIT_CONVERSION = YES;
				GCC_WARN_ABOUT_RETURN_TYPE = YES_ERROR;
				GCC_WARN_UNDECLARED_SELECTOR = YES;
				GCC_WARN_UNINITIALIZED_AUTOS = YES_AGGRESSIVE;
				GCC_WARN_UNUSED_FUNCTION = YES;
				GCC_WARN_UNUSED_VARIABLE = YES;
				IPHONEOS_DEPLOYMENT_TARGET = 16.2;
				MTL_ENABLE_DEBUG_INFO = NO;
				MTL_FAST_MATH = YES;
				SDKROOT = iphoneos;
				SWIFT_COMPILATION_MODE = wholemodule;
				SWIFT_OPTIMIZATION_LEVEL = "-O";
				VALIDATE_PRODUCT = YES;
			};
			name = Release;
		};
		DBA2D26829BF195000A90908 /* Debug */ = {
			isa = XCBuildConfiguration;
			buildSettings = {
				ASSETCATALOG_COMPILER_APPICON_NAME = AppIcon;
				ASSETCATALOG_COMPILER_GLOBAL_ACCENT_COLOR_NAME = AccentColor;
				CODE_SIGN_STYLE = Automatic;
				CURRENT_PROJECT_VERSION = 1;
				GENERATE_INFOPLIST_FILE = YES;
				INFOPLIST_FILE = PokerGame/Info.plist;
				INFOPLIST_KEY_UIApplicationSupportsIndirectInputEvents = YES;
				INFOPLIST_KEY_UILaunchStoryboardName = LaunchScreen;
				INFOPLIST_KEY_UIMainStoryboardFile = Main;
				INFOPLIST_KEY_UIStatusBarStyle = UIStatusBarStyleLightContent;
				INFOPLIST_KEY_UISupportedInterfaceOrientations_iPad = "UIInterfaceOrientationPortrait UIInterfaceOrientationPortraitUpsideDown UIInterfaceOrientationLandscapeLeft UIInterfaceOrientationLandscapeRight";
				INFOPLIST_KEY_UISupportedInterfaceOrientations_iPhone = "UIInterfaceOrientationPortrait UIInterfaceOrientationLandscapeLeft UIInterfaceOrientationLandscapeRight";
				LD_RUNPATH_SEARCH_PATHS = (
					"$(inherited)",
					"@executable_path/Frameworks",
				);
				MARKETING_VERSION = 1.0;
				PRODUCT_BUNDLE_IDENTIFIER = com.hwajin.PokerGame;
				PRODUCT_NAME = "$(TARGET_NAME)";
				SWIFT_EMIT_LOC_STRINGS = YES;
				SWIFT_VERSION = 5.0;
				TARGETED_DEVICE_FAMILY = "1,2";
			};
			name = Debug;
		};
		DBA2D26929BF195000A90908 /* Release */ = {
			isa = XCBuildConfiguration;
			buildSettings = {
				ASSETCATALOG_COMPILER_APPICON_NAME = AppIcon;
				ASSETCATALOG_COMPILER_GLOBAL_ACCENT_COLOR_NAME = AccentColor;
				CODE_SIGN_STYLE = Automatic;
				CURRENT_PROJECT_VERSION = 1;
				GENERATE_INFOPLIST_FILE = YES;
				INFOPLIST_FILE = PokerGame/Info.plist;
				INFOPLIST_KEY_UIApplicationSupportsIndirectInputEvents = YES;
				INFOPLIST_KEY_UILaunchStoryboardName = LaunchScreen;
				INFOPLIST_KEY_UIMainStoryboardFile = Main;
				INFOPLIST_KEY_UIStatusBarStyle = UIStatusBarStyleLightContent;
				INFOPLIST_KEY_UISupportedInterfaceOrientations_iPad = "UIInterfaceOrientationPortrait UIInterfaceOrientationPortraitUpsideDown UIInterfaceOrientationLandscapeLeft UIInterfaceOrientationLandscapeRight";
				INFOPLIST_KEY_UISupportedInterfaceOrientations_iPhone = "UIInterfaceOrientationPortrait UIInterfaceOrientationLandscapeLeft UIInterfaceOrientationLandscapeRight";
				LD_RUNPATH_SEARCH_PATHS = (
					"$(inherited)",
					"@executable_path/Frameworks",
				);
				MARKETING_VERSION = 1.0;
				PRODUCT_BUNDLE_IDENTIFIER = com.hwajin.PokerGame;
				PRODUCT_NAME = "$(TARGET_NAME)";
				SWIFT_EMIT_LOC_STRINGS = YES;
				SWIFT_VERSION = 5.0;
				TARGETED_DEVICE_FAMILY = "1,2";
			};
			name = Release;
		};
		DBEEF13129C2A503007B54D8 /* Debug */ = {
			isa = XCBuildConfiguration;
			buildSettings = {
				BUNDLE_LOADER = "$(TEST_HOST)";
				CODE_SIGN_STYLE = Automatic;
				CURRENT_PROJECT_VERSION = 1;
				GENERATE_INFOPLIST_FILE = YES;
				IPHONEOS_DEPLOYMENT_TARGET = 16.2;
				MACOSX_DEPLOYMENT_TARGET = 13.1;
				MARKETING_VERSION = 1.0;
				PRODUCT_BUNDLE_IDENTIFIER = com.hwajin.PokerGameTests;
				PRODUCT_NAME = "$(TARGET_NAME)";
				SDKROOT = auto;
				SUPPORTED_PLATFORMS = "iphoneos iphonesimulator macosx";
				SWIFT_EMIT_LOC_STRINGS = NO;
				SWIFT_VERSION = 5.0;
				TARGETED_DEVICE_FAMILY = "1,2";
				TEST_HOST = "$(BUILT_PRODUCTS_DIR)/PokerGame.app/$(BUNDLE_EXECUTABLE_FOLDER_PATH)/PokerGame";
			};
			name = Debug;
		};
		DBEEF13229C2A503007B54D8 /* Release */ = {
			isa = XCBuildConfiguration;
			buildSettings = {
				BUNDLE_LOADER = "$(TEST_HOST)";
				CODE_SIGN_STYLE = Automatic;
				CURRENT_PROJECT_VERSION = 1;
				GENERATE_INFOPLIST_FILE = YES;
				IPHONEOS_DEPLOYMENT_TARGET = 16.2;
				MACOSX_DEPLOYMENT_TARGET = 13.1;
				MARKETING_VERSION = 1.0;
				PRODUCT_BUNDLE_IDENTIFIER = com.hwajin.PokerGameTests;
				PRODUCT_NAME = "$(TARGET_NAME)";
				SDKROOT = auto;
				SUPPORTED_PLATFORMS = "iphoneos iphonesimulator macosx";
				SWIFT_EMIT_LOC_STRINGS = NO;
				SWIFT_VERSION = 5.0;
				TARGETED_DEVICE_FAMILY = "1,2";
				TEST_HOST = "$(BUILT_PRODUCTS_DIR)/PokerGame.app/$(BUNDLE_EXECUTABLE_FOLDER_PATH)/PokerGame";
			};
			name = Release;
		};
/* End XCBuildConfiguration section */

/* Begin XCConfigurationList section */
		DBA2D24E29BF194F00A90908 /* Build configuration list for PBXProject "PokerGame" */ = {
			isa = XCConfigurationList;
			buildConfigurations = (
				DBA2D26529BF195000A90908 /* Debug */,
				DBA2D26629BF195000A90908 /* Release */,
			);
			defaultConfigurationIsVisible = 0;
			defaultConfigurationName = Release;
		};
		DBA2D26729BF195000A90908 /* Build configuration list for PBXNativeTarget "PokerGame" */ = {
			isa = XCConfigurationList;
			buildConfigurations = (
				DBA2D26829BF195000A90908 /* Debug */,
				DBA2D26929BF195000A90908 /* Release */,
			);
			defaultConfigurationIsVisible = 0;
			defaultConfigurationName = Release;
		};
		DBEEF13329C2A503007B54D8 /* Build configuration list for PBXNativeTarget "PokerGameTests" */ = {
			isa = XCConfigurationList;
			buildConfigurations = (
				DBEEF13129C2A503007B54D8 /* Debug */,
				DBEEF13229C2A503007B54D8 /* Release */,
			);
			defaultConfigurationIsVisible = 0;
			defaultConfigurationName = Release;
		};
/* End XCConfigurationList section */
	};
	rootObject = DBA2D24B29BF194F00A90908 /* Project object */;
}
